
Microsoft Visual Studio Solution File, Format Version 12.00
# Visual Studio Version 17
VisualStudioVersion = 17.4.33110.190
MinimumVisualStudioVersion = 10.0.40219.1
Project("{FAE04EC0-301F-11D3-BF4B-00C04F79EFBC}") = "UDPChat", "UDPChat\UDPChat.csproj", "{BBB5892E-8889-4925-A5B4-660D24CFCC0E}"
EndProject
Global
	GlobalSection(SolutionConfigurationPlatforms) = preSolution
		Debug|Any CPU = Debug|Any CPU
		Release|Any CPU = Release|Any CPU
	EndGlobalSection
	GlobalSection(ProjectConfigurationPlatforms) = postSolution
		{BBB5892E-8889-4925-A5B4-660D24CFCC0E}.Debug|Any CPU.ActiveCfg = Debug|Any CPU
		{BBB5892E-8889-4925-A5B4-660D24CFCC0E}.Debug|Any CPU.Build.0 = Debug|Any CPU
		{BBB5892E-8889-4925-A5B4-660D24CFCC0E}.Release|Any CPU.ActiveCfg = Release|Any CPU
		{BBB5892E-8889-4925-A5B4-660D24CFCC0E}.Release|Any CPU.Build.0 = Release|Any CPU
	EndGlobalSection
	GlobalSection(SolutionProperties) = preSolution
		HideSolutionNode = FALSE
	EndGlobalSection
	GlobalSection(ExtensibilityGlobals) = postSolution
		SolutionGuid = {1A2897EB-6AAE-4341-BC37-EB2DDD0CB5C0}
	EndGlobalSection
EndGlobal
